Microsoft Visual Studio Solution File, Format Version 12.00
# Visual Studio Version 17
VisualStudioVersion = 17.5.2.0
MinimumVisualStudioVersion = 10.0.40219.1
Project("{FAE04EC0-301F-11D3-BF4B-00C04F79EFBC}") = "AutoTest", "AutoTest.csproj", "{A9AAF3E1-ECF4-215E-8780-AC73D97F3237}"
EndProject
Global
	GlobalSection(SolutionConfigurationPlatforms) = preSolution
		Debug|Any CPU = Debug|Any CPU
		Release|Any CPU = Release|Any CPU
	EndGlobalSection
	GlobalSection(ProjectConfigurationPlatforms) = postSolution
		{A9AAF3E1-ECF4-215E-8780-AC73D97F3237}.Debug|Any CPU.ActiveCfg = Debug|Any CPU
		{A9AAF3E1-ECF4-215E-8780-AC73D97F3237}.Debug|Any CPU.Build.0 = Debug|Any CPU
		{A9AAF3E1-ECF4-215E-8780-AC73D97F3237}.Release|Any CPU.ActiveCfg = Release|Any CPU
		{A9AAF3E1-ECF4-215E-8780-AC73D97F3237}.Release|Any CPU.Build.0 = Release|Any CPU
	EndGlobalSection
	GlobalSection(SolutionProperties) = preSolution
		HideSolutionNode = FALSE
	EndGlobalSection
	GlobalSection(ExtensibilityGlobals) = postSolution
		SolutionGuid = {4D962DC4-5EF1-40D7-9E02-A186FEDF87A8}
	EndGlobalSection
EndGlobal
